
Microsoft Visual Studio Solution File, Format Version 12.00
# Visual Studio Version 16
VisualStudioVersion = 16.0.30517.126
MinimumVisualStudioVersion = 10.0.40219.1
Project("{FAE04EC0-301F-11D3-BF4B-00C04F79EFBC}") = "WebCoreApplication1", "WebCoreApplication1\WebCoreApplication1.csproj", "{8E647B43-FE2F-499C-88BB-33961CA49DF9}"
EndProject
Global
	GlobalSection(SolutionConfigurationPlatforms) = preSolution
		Debug|Any CPU = Debug|Any CPU
		Release|Any CPU = Release|Any CPU
	EndGlobalSection
	GlobalSection(ProjectConfigurationPlatforms) = postSolution
		{8E647B43-FE2F-499C-88BB-33961CA49DF9}.Debug|Any CPU.ActiveCfg = Debug|Any CPU
		{8E647B43-FE2F-499C-88BB-33961CA49DF9}.Debug|Any CPU.Build.0 = Debug|Any CPU
		{8E647B43-FE2F-499C-88BB-33961CA49DF9}.Release|Any CPU.ActiveCfg = Release|Any CPU
		{8E647B43-FE2F-499C-88BB-33961CA49DF9}.Release|Any CPU.Build.0 = Release|Any CPU
	EndGlobalSection
	GlobalSection(SolutionProperties) = preSolution
		HideSolutionNode = FALSE
	EndGlobalSection
	GlobalSection(ExtensibilityGlobals) = postSolution
		SolutionGuid = {7F067EAF-A6DD-4711-81D4-3E78CCE2DC62}
	EndGlobalSection
EndGlobal
